
Microsoft Visual Studio Solution File, Format Version 12.00
# Visual Studio Version 17
VisualStudioVersion = 17.14.36408.4 d17.14
MinimumVisualStudioVersion = 10.0.40219.1
Project("{FAE04EC0-301F-11D3-BF4B-00C04F79EFBC}") = "FakeApp", "FakeApp.csproj", "{8935DD04-2E71-4899-A13D-A5A13B2765F4}"
EndProject
Global
	GlobalSection(SolutionConfigurationPlatforms) = preSolution
		Debug|Any CPU = Debug|Any CPU
		Release|Any CPU = Release|Any CPU
	EndGlobalSection
	GlobalSection(ProjectConfigurationPlatforms) = postSolution
		{8935DD04-2E71-4899-A13D-A5A13B2765F4}.Debug|Any CPU.ActiveCfg = Debug|Any CPU
		{8935DD04-2E71-4899-A13D-A5A13B2765F4}.Debug|Any CPU.Build.0 = Debug|Any CPU
		{8935DD04-2E71-4899-A13D-A5A13B2765F4}.Release|Any CPU.ActiveCfg = Release|Any CPU
		{8935DD04-2E71-4899-A13D-A5A13B2765F4}.Release|Any CPU.Build.0 = Release|Any CPU
	EndGlobalSection
	GlobalSection(SolutionProperties) = preSolution
		HideSolutionNode = FALSE
	EndGlobalSection
	GlobalSection(ExtensibilityGlobals) = postSolution
		SolutionGuid = {15A094BA-EC5F-491F-92B9-09CAE8385667}
	EndGlobalSection
EndGlobal
